
Microsoft Visual Studio Solution File, Format Version 12.00
# Visual Studio 15
VisualStudioVersion = 15.0.27428.2043
MinimumVisualStudioVersion = 10.0.40219.1
Project("{FAE04EC0-301F-11D3-BF4B-00C04F79EFBC}") = "AssistantComputerControl", "AssistantComputerControl\AssistantComputerControl.csproj", "{404B42F4-E135-4D2F-8FD0-20A590814930}"
EndProject
Project("{54435603-DBB4-11D2-8724-00A0C9A8B90C}") = "ACC Setup Wizard", "ACC Setup Wizard\ACC Setup Wizard.vdproj", "{B22F810A-C7C8-40FF-80B0-C3DBAC09FAD2}"
EndProject
Global
	GlobalSection(SolutionConfigurationPlatforms) = preSolution
		Debug|Any CPU = Debug|Any CPU
		DefaultBuild|Any CPU = DefaultBuild|Any CPU
		Release|Any CPU = Release|Any CPU
	EndGlobalSection
	GlobalSection(ProjectConfigurationPlatforms) = postSolution
		{404B42F4-E135-4D2F-8FD0-20A590814930}.Debug|Any CPU.ActiveCfg = Debug|Any CPU
		{404B42F4-E135-4D2F-8FD0-20A590814930}.Debug|Any CPU.Build.0 = Debug|Any CPU
		{404B42F4-E135-4D2F-8FD0-20A590814930}.DefaultBuild|Any CPU.ActiveCfg = Debug|Any CPU
		{404B42F4-E135-4D2F-8FD0-20A590814930}.DefaultBuild|Any CPU.Build.0 = Debug|Any CPU
		{404B42F4-E135-4D2F-8FD0-20A590814930}.Release|Any CPU.ActiveCfg = Release|Any CPU
		{404B42F4-E135-4D2F-8FD0-20A590814930}.Release|Any CPU.Build.0 = Release|Any CPU
		{B22F810A-C7C8-40FF-80B0-C3DBAC09FAD2}.Debug|Any CPU.ActiveCfg = Debug
		{B22F810A-C7C8-40FF-80B0-C3DBAC09FAD2}.DefaultBuild|Any CPU.ActiveCfg = Debug
		{B22F810A-C7C8-40FF-80B0-C3DBAC09FAD2}.Release|Any CPU.ActiveCfg = Release
	EndGlobalSection
	GlobalSection(SolutionProperties) = preSolution
		HideSolutionNode = FALSE
	EndGlobalSection
	GlobalSection(ExtensibilityGlobals) = postSolution
		SolutionGuid = {40F865E1-4CE6-4506-8E03-D47D76F46F57}
	EndGlobalSection
EndGlobal
